
Microsoft Visual Studio Solution File, Format Version 12.00
# Visual Studio Version 17
VisualStudioVersion = 17.9.34728.123
MinimumVisualStudioVersion = 10.0.40219.1
Project("{FAE04EC0-301F-11D3-BF4B-00C04F79EFBC}") = "LEDStripBTControllerWinUI", "LEDStripBTControllerWinUI\LEDStripBTControllerWinUI.csproj", "{95F13A8D-59CD-4FAB-9D40-4BB6E2822A45}"
EndProject
Project("{FAE04EC0-301F-11D3-BF4B-00C04F79EFBC}") = "BTController", "BTController\BTController.csproj", "{B77D2973-7DA8-49BA-BE22-93D6DCDDF8F2}"
EndProject
Global
	GlobalSection(SolutionConfigurationPlatforms) = preSolution
		Debug|Any CPU = Debug|Any CPU
		Debug|ARM64 = Debug|ARM64
		Debug|x64 = Debug|x64
		Debug|x86 = Debug|x86
		Release|Any CPU = Release|Any CPU
		Release|ARM64 = Release|ARM64
		Release|x64 = Release|x64
		Release|x86 = Release|x86
	EndGlobalSection
	GlobalSection(ProjectConfigurationPlatforms) = postSolution
		{95F13A8D-59CD-4FAB-9D40-4BB6E2822A45}.Debug|Any CPU.ActiveCfg = Debug|x64
		{95F13A8D-59CD-4FAB-9D40-4BB6E2822A45}.Debug|Any CPU.Build.0 = Debug|x64
		{95F13A8D-59CD-4FAB-9D40-4BB6E2822A45}.Debug|Any CPU.Deploy.0 = Debug|x64
		{95F13A8D-59CD-4FAB-9D40-4BB6E2822A45}.Debug|ARM64.ActiveCfg = Debug|ARM64
		{95F13A8D-59CD-4FAB-9D40-4BB6E2822A45}.Debug|ARM64.Build.0 = Debug|ARM64
		{95F13A8D-59CD-4FAB-9D40-4BB6E2822A45}.Debug|ARM64.Deploy.0 = Debug|ARM64
		{95F13A8D-59CD-4FAB-9D40-4BB6E2822A45}.Debug|x64.ActiveCfg = Debug|x64
		{95F13A8D-59CD-4FAB-9D40-4BB6E2822A45}.Debug|x64.Build.0 = Debug|x64
		{95F13A8D-59CD-4FAB-9D40-4BB6E2822A45}.Debug|x64.Deploy.0 = Debug|x64
		{95F13A8D-59CD-4FAB-9D40-4BB6E2822A45}.Debug|x86.ActiveCfg = Debug|x86
		{95F13A8D-59CD-4FAB-9D40-4BB6E2822A45}.Debug|x86.Build.0 = Debug|x86
		{95F13A8D-59CD-4FAB-9D40-4BB6E2822A45}.Debug|x86.Deploy.0 = Debug|x86
		{95F13A8D-59CD-4FAB-9D40-4BB6E2822A45}.Release|Any CPU.ActiveCfg = Release|x64
		{95F13A8D-59CD-4FAB-9D40-4BB6E2822A45}.Release|Any CPU.Build.0 = Release|x64
		{95F13A8D-59CD-4FAB-9D40-4BB6E2822A45}.Release|Any CPU.Deploy.0 = Release|x64
		{95F13A8D-59CD-4FAB-9D40-4BB6E2822A45}.Release|ARM64.ActiveCfg = Release|ARM64
		{95F13A8D-59CD-4FAB-9D40-4BB6E2822A45}.Release|ARM64.Build.0 = Release|ARM64
		{95F13A8D-59CD-4FAB-9D40-4BB6E2822A45}.Release|ARM64.Deploy.0 = Release|ARM64
		{95F13A8D-59CD-4FAB-9D40-4BB6E2822A45}.Release|x64.ActiveCfg = Release|x64
		{95F13A8D-59CD-4FAB-9D40-4BB6E2822A45}.Release|x64.Build.0 = Release|x64
		{95F13A8D-59CD-4FAB-9D40-4BB6E2822A45}.Release|x64.Deploy.0 = Release|x64
		{95F13A8D-59CD-4FAB-9D40-4BB6E2822A45}.Release|x86.ActiveCfg = Release|x86
		{95F13A8D-59CD-4FAB-9D40-4BB6E2822A45}.Release|x86.Build.0 = Release|x86
		{95F13A8D-59CD-4FAB-9D40-4BB6E2822A45}.Release|x86.Deploy.0 = Release|x86
		{B77D2973-7DA8-49BA-BE22-93D6DCDDF8F2}.Debug|Any CPU.ActiveCfg = Debug|Any CPU
		{B77D2973-7DA8-49BA-BE22-93D6DCDDF8F2}.Debug|Any CPU.Build.0 = Debug|Any CPU
		{B77D2973-7DA8-49BA-BE22-93D6DCDDF8F2}.Debug|ARM64.ActiveCfg = Debug|Any CPU
		{B77D2973-7DA8-49BA-BE22-93D6DCDDF8F2}.Debug|ARM64.Build.0 = Debug|Any CPU
		{B77D2973-7DA8-49BA-BE22-93D6DCDDF8F2}.Debug|x64.ActiveCfg = Debug|Any CPU
		{B77D2973-7DA8-49BA-BE22-93D6DCDDF8F2}.Debug|x64.Build.0 = Debug|Any CPU
		{B77D2973-7DA8-49BA-BE22-93D6DCDDF8F2}.Debug|x86.ActiveCfg = Debug|Any CPU
		{B77D2973-7DA8-49BA-BE22-93D6DCDDF8F2}.Debug|x86.Build.0 = Debug|Any CPU
		{B77D2973-7DA8-49BA-BE22-93D6DCDDF8F2}.Release|Any CPU.ActiveCfg = Release|Any CPU
		{B77D2973-7DA8-49BA-BE22-93D6DCDDF8F2}.Release|Any CPU.Build.0 = Release|Any CPU
		{B77D2973-7DA8-49BA-BE22-93D6DCDDF8F2}.Release|ARM64.ActiveCfg = Release|Any CPU
		{B77D2973-7DA8-49BA-BE22-93D6DCDDF8F2}.Release|ARM64.Build.0 = Release|Any CPU
		{B77D2973-7DA8-49BA-BE22-93D6DCDDF8F2}.Release|x64.ActiveCfg = Release|Any CPU
		{B77D2973-7DA8-49BA-BE22-93D6DCDDF8F2}.Release|x64.Build.0 = Release|Any CPU
		{B77D2973-7DA8-49BA-BE22-93D6DCDDF8F2}.Release|x86.ActiveCfg = Release|Any CPU
		{B77D2973-7DA8-49BA-BE22-93D6DCDDF8F2}.Release|x86.Build.0 = Release|Any CPU
	EndGlobalSection
	GlobalSection(SolutionProperties) = preSolution
		HideSolutionNode = FALSE
	EndGlobalSection
	GlobalSection(ExtensibilityGlobals) = postSolution
		SolutionGuid = {9CAD8EE7-BE09-42A2-B97C-585A9DCFEE65}
	EndGlobalSection
EndGlobal
